{
  "nodes": {
    "herbz-theme": {
      "flake": false,
      "locked": {
        "narHash": "sha256-n/XwzPAKu5lTUkoi02pAMPIL6tU+Qq/nCNFrF3yUkeY=",
        "type": "file",
        "url": "https://raw.githubusercontent.com/irssi-import/themes/gh-pages/h3rbz.theme"
      },
      "original": {
        "type": "file",
        "url": "https://raw.githubusercontent.com/irssi-import/themes/gh-pages/h3rbz.theme"
      }
    },
    "home-manager": {
      "inputs": {
        "nixpkgs": [
          "nixpkgs"
        ],
        "utils": "utils"
      },
      "locked": {
        "lastModified": 1664783440,
        "narHash": "sha256-KlMwR7mUf5h8MPnzV7nGFUAt6ih/euW5xgvZ5x+hwvI=",
        "owner": "nix-community",
        "repo": "home-manager",
        "rev": "e4e639dd4dc3e431aa5b5f95325f9a66ac7e0dd9",
        "type": "github"
      },
      "original": {
        "owner": "nix-community",
        "repo": "home-manager",
        "type": "github"
      }
    },
    "nixpkgs": {
      "locked": {
        "lastModified": 1664780719,
        "narHash": "sha256-Oxe6la5dSqRfJogjtY4sRzJjDDqvroJIVkcGEOT87MA=",
        "owner": "NixOS",
        "repo": "nixpkgs",
        "rev": "fd54651f5ffb4a36e8463e0c327a78442b26cbe7",
        "type": "github"
      },
      "original": {
        "id": "nixpkgs",
        "ref": "nixos-unstable",
        "type": "indirect"
      }
    },
    "nvim-scrollbar": {
      "flake": false,
      "locked": {
        "lastModified": 1657545514,
        "narHash": "sha256-EqHoR/vdifrN3uhrA0AoJVXKf5jKxznJEgKh8bXm2PQ=",
        "owner": "petertriho",
        "repo": "nvim-scrollbar",
        "rev": "ce0df6954a69d61315452f23f427566dc1e937ae",
        "type": "github"
      },
      "original": {
        "owner": "petertriho",
        "repo": "nvim-scrollbar",
        "type": "github"
      }
    },
    "root": {
      "inputs": {
        "herbz-theme": "herbz-theme",
        "home-manager": "home-manager",
        "nixpkgs": "nixpkgs",
        "nvim-scrollbar": "nvim-scrollbar"
      }
    },
    "utils": {
      "locked": {
        "lastModified": 1659877975,
        "narHash": "sha256-zllb8aq3YO3h8B/U0/J1WBgAL8EX5yWf5pMj3G0NAmc=",
        "owner": "numtide",
        "repo": "flake-utils",
        "rev": "c0e246b9b83f637f4681389ecabcb2681b4f3af0",
        "type": "github"
      },
      "original": {
        "owner": "numtide",
        "repo": "flake-utils",
        "type": "github"
      }
    }
  },
  "root": "root",
  "version": 7
}
